// !$*UTF8*$!
{
	archiveVersion = 1;
	classes = {
	};
	objectVersion = 46;
	objects = {

/* Begin PBXBuildFile section */
		1E39AAFA1E9C83F000603589 /* SignUpViewController.swift in Sources */ = {isa = PBXBuildFile; fileRef = 1E39AAF91E9C83F000603589 /* SignUpViewController.swift */; };
		1E39AAFC1E9C869200603589 /* BaseNavigationController.swift in Sources */ = {isa = PBXBuildFile; fileRef = 1E39AAFB1E9C869200603589 /* BaseNavigationController.swift */; };
		1E39AAFE1E9C8E6200603589 /* BaseViewController.swift in Sources */ = {isa = PBXBuildFile; fileRef = 1E39AAFD1E9C8E6200603589 /* BaseViewController.swift */; };
		1E39AB001E9CC1AA00603589 /* HomeViewController.swift in Sources */ = {isa = PBXBuildFile; fileRef = 1E39AAFF1E9CC1AA00603589 /* HomeViewController.swift */; };
		1E39AB021E9CC3D800603589 /* BaseTabarViewController.swift in Sources */ = {isa = PBXBuildFile; fileRef = 1E39AB011E9CC3D800603589 /* BaseTabarViewController.swift */; };
		1E39AB041E9CD0FD00603589 /* SearchLocationViewController.swift in Sources */ = {isa = PBXBuildFile; fileRef = 1E39AB031E9CD0FD00603589 /* SearchLocationViewController.swift */; };
		1E3DA7411E9B4130000F20B4 /* AppDelegate.swift in Sources */ = {isa = PBXBuildFile; fileRef = 1E3DA7401E9B4130000F20B4 /* AppDelegate.swift */; };
		1E3DA7431E9B4130000F20B4 /* LoginViewController.swift in Sources */ = {isa = PBXBuildFile; fileRef = 1E3DA7421E9B4130000F20B4 /* LoginViewController.swift */; };
		1E3DA7461E9B4130000F20B4 /* Main.storyboard in Resources */ = {isa = PBXBuildFile; fileRef = 1E3DA7441E9B4130000F20B4 /* Main.storyboard */; };
		1E3DA7481E9B4130000F20B4 /* Assets.xcassets in Resources */ = {isa = PBXBuildFile; fileRef = 1E3DA7471E9B4130000F20B4 /* Assets.xcassets */; };
		1E3DA74B1E9B4130000F20B4 /* LaunchScreen.storyboard in Resources */ = {isa = PBXBuildFile; fileRef = 1E3DA7491E9B4130000F20B4 /* LaunchScreen.storyboard */; };
		1E3DA7531E9B42AC000F20B4 /* GoogleService-Info.plist in Resources */ = {isa = PBXBuildFile; fileRef = 1E3DA7521E9B42AC000F20B4 /* GoogleService-Info.plist */; };
		1E3DA7581E9B6B3B000F20B4 /* CustomTextField.swift in Sources */ = {isa = PBXBuildFile; fileRef = 1E3DA7571E9B6B3B000F20B4 /* CustomTextField.swift */; };
		1E3DA75A1E9B7B8F000F20B4 /* CustomButton.swift in Sources */ = {isa = PBXBuildFile; fileRef = 1E3DA7591E9B7B8F000F20B4 /* CustomButton.swift */; };
		1E3DA75C1E9B8F1B000F20B4 /* CustomBlurView.swift in Sources */ = {isa = PBXBuildFile; fileRef = 1E3DA75B1E9B8F1B000F20B4 /* CustomBlurView.swift */; };
		CAD737F6A1B6B7D7A4C0884B /* Pods_ShareEatingPlaces.framework in Frameworks */ = {isa = PBXBuildFile; fileRef = 0F2F880B8295253A9343BD13 /* Pods_ShareEatingPlaces.framework */; };
/* End PBXBuildFile section */

/* Begin PBXFileReference section */
		0F2F880B8295253A9343BD13 /* Pods_ShareEatingPlaces.framework */ = {isa = PBXFileReference; explicitFileType = wrapper.framework; includeInIndex = 0; path = Pods_ShareEatingPlaces.framework; sourceTree = BUILT_PRODUCTS_DIR; };
		1E39AAF91E9C83F000603589 /* SignUpViewController.swift */ = {isa = PBXFileReference; fileEncoding = 4; lastKnownFileType = sourcecode.swift; name = SignUpViewController.swift; path = ../SignUpViewController.swift; sourceTree = "<group>"; };
		1E39AAFB1E9C869200603589 /* BaseNavigationController.swift */ = {isa = PBXFileReference; fileEncoding = 4; lastKnownFileType = sourcecode.swift; path = BaseNavigationController.swift; sourceTree = "<group>"; };
		1E39AAFD1E9C8E6200603589 /* BaseViewController.swift */ = {isa = PBXFileReference; fileEncoding = 4; lastKnownFileType = sourcecode.swift; path = BaseViewController.swift; sourceTree = "<group>"; };
		1E39AAFF1E9CC1AA00603589 /* HomeViewController.swift */ = {isa = PBXFileReference; fileEncoding = 4; lastKnownFileType = sourcecode.swift; path = HomeViewController.swift; sourceTree = "<group>"; };
		1E39AB011E9CC3D800603589 /* BaseTabarViewController.swift */ = {isa = PBXFileReference; fileEncoding = 4; lastKnownFileType = sourcecode.swift; path = BaseTabarViewController.swift; sourceTree = "<group>"; };
		1E39AB031E9CD0FD00603589 /* SearchLocationViewController.swift */ = {isa = PBXFileReference; fileEncoding = 4; lastKnownFileType = sourcecode.swift; name = SearchLocationViewController.swift; path = ../SearchLocationViewController.swift; sourceTree = "<group>"; };
		1E39AB071E9CD7A300603589 /* SF-UI-Text-Bold.otf */ = {isa = PBXFileReference; lastKnownFileType = file; path = "SF-UI-Text-Bold.otf"; sourceTree = "<group>"; };
		1E39AB081E9CD7A300603589 /* SF-UI-Text-Light.otf */ = {isa = PBXFileReference; lastKnownFileType = file; path = "SF-UI-Text-Light.otf"; sourceTree = "<group>"; };
		1E39AB091E9CD7A300603589 /* SF-UI-Text-Medium.otf */ = {isa = PBXFileReference; lastKnownFileType = file; path = "SF-UI-Text-Medium.otf"; sourceTree = "<group>"; };
		1E39AB0A1E9CD7A300603589 /* SF-UI-Text-Regular.otf */ = {isa = PBXFileReference; lastKnownFileType = file; path = "SF-UI-Text-Regular.otf"; sourceTree = "<group>"; };
		1E39AB0B1E9CD7A300603589 /* SF-UI-Text-Semibold.otf */ = {isa = PBXFileReference; lastKnownFileType = file; path = "SF-UI-Text-Semibold.otf"; sourceTree = "<group>"; };
		1E3DA73D1E9B4130000F20B4 /* ShareEatingPlaces.app */ = {isa = PBXFileReference; explicitFileType = wrapper.application; includeInIndex = 0; path = ShareEatingPlaces.app; sourceTree = BUILT_PRODUCTS_DIR; };
		1E3DA7401E9B4130000F20B4 /* AppDelegate.swift */ = {isa = PBXFileReference; lastKnownFileType = sourcecode.swift; path = AppDelegate.swift; sourceTree = "<group>"; };
		1E3DA7421E9B4130000F20B4 /* LoginViewController.swift */ = {isa = PBXFileReference; lastKnownFileType = sourcecode.swift; path = LoginViewController.swift; sourceTree = "<group>"; };
		1E3DA7451E9B4130000F20B4 /* Base */ = {isa = PBXFileReference; lastKnownFileType = file.storyboard; name = Base; path = Base.lproj/Main.storyboard; sourceTree = "<group>"; };
		1E3DA7471E9B4130000F20B4 /* Assets.xcassets */ = {isa = PBXFileReference; lastKnownFileType = folder.assetcatalog; path = Assets.xcassets; sourceTree = "<group>"; };
		1E3DA74A1E9B4130000F20B4 /* Base */ = {isa = PBXFileReference; lastKnownFileType = file.storyboard; name = Base; path = Base.lproj/LaunchScreen.storyboard; sourceTree = "<group>"; };
		1E3DA74C1E9B4130000F20B4 /* Info.plist */ = {isa = PBXFileReference; lastKnownFileType = text.plist.xml; path = Info.plist; sourceTree = "<group>"; };
		1E3DA7521E9B42AC000F20B4 /* GoogleService-Info.plist */ = {isa = PBXFileReference; fileEncoding = 4; lastKnownFileType = text.plist.xml; path = "GoogleService-Info.plist"; sourceTree = "<group>"; };
		1E3DA7571E9B6B3B000F20B4 /* CustomTextField.swift */ = {isa = PBXFileReference; fileEncoding = 4; lastKnownFileType = sourcecode.swift; path = CustomTextField.swift; sourceTree = "<group>"; };
		1E3DA7591E9B7B8F000F20B4 /* CustomButton.swift */ = {isa = PBXFileReference; fileEncoding = 4; lastKnownFileType = sourcecode.swift; path = CustomButton.swift; sourceTree = "<group>"; };
		1E3DA75B1E9B8F1B000F20B4 /* CustomBlurView.swift */ = {isa = PBXFileReference; fileEncoding = 4; lastKnownFileType = sourcecode.swift; path = CustomBlurView.swift; sourceTree = "<group>"; };
		4D2713196BAE7160F114354C /* Pods-ShareEatingPlaces.debug.xcconfig */ = {isa = PBXFileReference; includeInIndex = 1; lastKnownFileType = text.xcconfig; name = "Pods-ShareEatingPlaces.debug.xcconfig"; path = "Pods/Target Support Files/Pods-ShareEatingPlaces/Pods-ShareEatingPlaces.debug.xcconfig"; sourceTree = "<group>"; };
		EB75CBA4E2462284B1AA2D82 /* Pods-ShareEatingPlaces.release.xcconfig */ = {isa = PBXFileReference; includeInIndex = 1; lastKnownFileType = text.xcconfig; name = "Pods-ShareEatingPlaces.release.xcconfig"; path = "Pods/Target Support Files/Pods-ShareEatingPlaces/Pods-ShareEatingPlaces.release.xcconfig"; sourceTree = "<group>"; };
/* End PBXFileReference section */

/* Begin PBXFrameworksBuildPhase section */
		1E3DA73A1E9B4130000F20B4 /* Frameworks */ = {
			isa = PBXFrameworksBuildPhase;
			buildActionMask = 2147483647;
			files = (
				CAD737F6A1B6B7D7A4C0884B /* Pods_ShareEatingPlaces.framework in Frameworks */,
			);
			runOnlyForDeploymentPostprocessing = 0;
		};
/* End PBXFrameworksBuildPhase section */

/* Begin PBXGroup section */
		1E39AB051E9CD11600603589 /* Controller */ = {
			isa = PBXGroup;
			children = (
				1E39AB031E9CD0FD00603589 /* SearchLocationViewController.swift */,
				1E3DA7421E9B4130000F20B4 /* LoginViewController.swift */,
				1E39AAF91E9C83F000603589 /* SignUpViewController.swift */,
				1E39AAFF1E9CC1AA00603589 /* HomeViewController.swift */,
			);
			name = Controller;
			sourceTree = "<group>";
		};
		1E39AB061E9CD78E00603589 /* Font */ = {
			isa = PBXGroup;
			children = (
				1E39AB071E9CD7A300603589 /* SF-UI-Text-Bold.otf */,
				1E39AB081E9CD7A300603589 /* SF-UI-Text-Light.otf */,
				1E39AB091E9CD7A300603589 /* SF-UI-Text-Medium.otf */,
				1E39AB0A1E9CD7A300603589 /* SF-UI-Text-Regular.otf */,
				1E39AB0B1E9CD7A300603589 /* SF-UI-Text-Semibold.otf */,
			);
			name = Font;
			sourceTree = "<group>";
		};
		1E3DA7341E9B4130000F20B4 = {
			isa = PBXGroup;
			children = (
				1E3DA73F1E9B4130000F20B4 /* ShareEatingPlaces */,
				1E3DA73E1E9B4130000F20B4 /* Products */,
				5C0EDE19078091FD04508993 /* Pods */,
				F50BA1FB3178C701C8225E1B /* Frameworks */,
			);
			sourceTree = "<group>";
		};
		1E3DA73E1E9B4130000F20B4 /* Products */ = {
			isa = PBXGroup;
			children = (
				1E3DA73D1E9B4130000F20B4 /* ShareEatingPlaces.app */,
			);
			name = Products;
			sourceTree = "<group>";
		};
		1E3DA73F1E9B4130000F20B4 /* ShareEatingPlaces */ = {
			isa = PBXGroup;
			children = (
				1E39AB061E9CD78E00603589 /* Font */,
				1E39AB051E9CD11600603589 /* Controller */,
				1E3DA7541E9B6AC6000F20B4 /* CustomView */,
				1E3DA7401E9B4130000F20B4 /* AppDelegate.swift */,
				1E3DA7441E9B4130000F20B4 /* Main.storyboard */,
				1E3DA7471E9B4130000F20B4 /* Assets.xcassets */,
				1E3DA7491E9B4130000F20B4 /* LaunchScreen.storyboard */,
				1E3DA74C1E9B4130000F20B4 /* Info.plist */,
				1E3DA7521E9B42AC000F20B4 /* GoogleService-Info.plist */,
			);
			path = ShareEatingPlaces;
			sourceTree = "<group>";
		};
		1E3DA7541E9B6AC6000F20B4 /* CustomView */ = {
			isa = PBXGroup;
			children = (
				1E39AAFB1E9C869200603589 /* BaseNavigationController.swift */,
				1E39AAFD1E9C8E6200603589 /* BaseViewController.swift */,
				1E3DA7571E9B6B3B000F20B4 /* CustomTextField.swift */,
				1E3DA7591E9B7B8F000F20B4 /* CustomButton.swift */,
				1E3DA75B1E9B8F1B000F20B4 /* CustomBlurView.swift */,
				1E39AB011E9CC3D800603589 /* BaseTabarViewController.swift */,
			);
			name = CustomView;
			sourceTree = "<group>";
		};
		5C0EDE19078091FD04508993 /* Pods */ = {
			isa = PBXGroup;
			children = (
				4D2713196BAE7160F114354C /* Pods-ShareEatingPlaces.debug.xcconfig */,
				EB75CBA4E2462284B1AA2D82 /* Pods-ShareEatingPlaces.release.xcconfig */,
			);
			name = Pods;
			sourceTree = "<group>";
		};
		F50BA1FB3178C701C8225E1B /* Frameworks */ = {
			isa = PBXGroup;
			children = (
				0F2F880B8295253A9343BD13 /* Pods_ShareEatingPlaces.framework */,
			);
			name = Frameworks;
			sourceTree = "<group>";
		};
/* End PBXGroup section */

/* Begin PBXNativeTarget section */
		1E3DA73C1E9B4130000F20B4 /* ShareEatingPlaces */ = {
			isa = PBXNativeTarget;
			buildConfigurationList = 1E3DA74F1E9B4130000F20B4 /* Build configuration list for PBXNativeTarget "ShareEatingPlaces" */;
			buildPhases = (
				C411B9CF112AE8E119F414D0 /* [CP] Check Pods Manifest.lock */,
				1E3DA7391E9B4130000F20B4 /* Sources */,
				1E3DA73A1E9B4130000F20B4 /* Frameworks */,
				1E3DA73B1E9B4130000F20B4 /* Resources */,
				C525DE31F45B5AE93FE3511A /* [CP] Embed Pods Frameworks */,
				4C0671AA0FB50CAAB1B5D4A3 /* [CP] Copy Pods Resources */,
			);
			buildRules = (
			);
			dependencies = (
			);
			name = ShareEatingPlaces;
			productName = ShareEatingPlaces;
			productReference = 1E3DA73D1E9B4130000F20B4 /* ShareEatingPlaces.app */;
			productType = "com.apple.product-type.application";
		};
/* End PBXNativeTarget section */

/* Begin PBXProject section */
		1E3DA7351E9B4130000F20B4 /* Project object */ = {
			isa = PBXProject;
			attributes = {
				LastSwiftUpdateCheck = 0820;
				LastUpgradeCheck = 0820;
				ORGANIZATIONNAME = HoangPhan;
				TargetAttributes = {
					1E3DA73C1E9B4130000F20B4 = {
						CreatedOnToolsVersion = 8.2.1;
						ProvisioningStyle = Automatic;
					};
				};
			};
			buildConfigurationList = 1E3DA7381E9B4130000F20B4 /* Build configuration list for PBXProject "ShareEatingPlaces" */;
			compatibilityVersion = "Xcode 3.2";
			developmentRegion = English;
			hasScannedForEncodings = 0;
			knownRegions = (
				en,
				Base,
			);
			mainGroup = 1E3DA7341E9B4130000F20B4;
			productRefGroup = 1E3DA73E1E9B4130000F20B4 /* Products */;
			projectDirPath = "";
			projectRoot = "";
			targets = (
				1E3DA73C1E9B4130000F20B4 /* ShareEatingPlaces */,
			);
		};
/* End PBXProject section */

/* Begin PBXResourcesBuildPhase section */
		1E3DA73B1E9B4130000F20B4 /* Resources */ = {
			isa = PBXResourcesBuildPhase;
			buildActionMask = 2147483647;
			files = (
				1E3DA74B1E9B4130000F20B4 /* LaunchScreen.storyboard in Resources */,
				1E3DA7481E9B4130000F20B4 /* Assets.xcassets in Resources */,
				1E3DA7461E9B4130000F20B4 /* Main.storyboard in Resources */,
				1E3DA7531E9B42AC000F20B4 /* GoogleService-Info.plist in Resources */,
			);
			runOnlyForDeploymentPostprocessing = 0;
		};
/* End PBXResourcesBuildPhase section */

/* Begin PBXShellScriptBuildPhase section */
		4C0671AA0FB50CAAB1B5D4A3 /* [CP] Copy Pods Resources */ = {
			isa = PBXShellScriptBuildPhase;
			buildActionMask = 2147483647;
			files = (
			);
			inputPaths = (
			);
			name = "[CP] Copy Pods Resources";
			outputPaths = (
			);
			runOnlyForDeploymentPostprocessing = 0;
			shellPath = /bin/sh;
			shellScript = "\"${SRCROOT}/Pods/Target Support Files/Pods-ShareEatingPlaces/Pods-ShareEatingPlaces-resources.sh\"\n";
			showEnvVarsInLog = 0;
		};
		C411B9CF112AE8E119F414D0 /* [CP] Check Pods Manifest.lock */ = {
			isa = PBXShellScriptBuildPhase;
			buildActionMask = 2147483647;
			files = (
			);
			inputPaths = (
			);
			name = "[CP] Check Pods Manifest.lock";
			outputPaths = (
			);
			runOnlyForDeploymentPostprocessing = 0;
			shellPath = /bin/sh;
			shellScript = "diff \"${PODS_ROOT}/../Podfile.lock\" \"${PODS_ROOT}/Manifest.lock\" > /dev/null\nif [ $? != 0 ] ; then\n    # print error to STDERR\n    echo \"error: The sandbox is not in sync with the Podfile.lock. Run 'pod install' or update your CocoaPods installation.\" >&2\n    exit 1\nfi\n";
			showEnvVarsInLog = 0;
		};
		C525DE31F45B5AE93FE3511A /* [CP] Embed Pods Frameworks */ = {
			isa = PBXShellScriptBuildPhase;
			buildActionMask = 2147483647;
			files = (
			);
			inputPaths = (
			);
			name = "[CP] Embed Pods Frameworks";
			outputPaths = (
			);
			runOnlyForDeploymentPostprocessing = 0;
			shellPath = /bin/sh;
			shellScript = "\"${SRCROOT}/Pods/Target Support Files/Pods-ShareEatingPlaces/Pods-ShareEatingPlaces-frameworks.sh\"\n";
			showEnvVarsInLog = 0;
		};
/* End PBXShellScriptBuildPhase section */

/* Begin PBXSourcesBuildPhase section */
		1E3DA7391E9B4130000F20B4 /* Sources */ = {
			isa = PBXSourcesBuildPhase;
			buildActionMask = 2147483647;
			files = (
				1E39AB021E9CC3D800603589 /* BaseTabarViewController.swift in Sources */,
				1E3DA75A1E9B7B8F000F20B4 /* CustomButton.swift in Sources */,
				1E39AAFC1E9C869200603589 /* BaseNavigationController.swift in Sources */,
				1E3DA7431E9B4130000F20B4 /* LoginViewController.swift in Sources */,
				1E3DA7411E9B4130000F20B4 /* AppDelegate.swift in Sources */,
				1E3DA75C1E9B8F1B000F20B4 /* CustomBlurView.swift in Sources */,
				1E39AB001E9CC1AA00603589 /* HomeViewController.swift in Sources */,
				1E39AAFE1E9C8E6200603589 /* BaseViewController.swift in Sources */,
				1E39AAFA1E9C83F000603589 /* SignUpViewController.swift in Sources */,
				1E39AB041E9CD0FD00603589 /* SearchLocationViewController.swift in Sources */,
				1E3DA7581E9B6B3B000F20B4 /* CustomTextField.swift in Sources */,
			);
			runOnlyForDeploymentPostprocessing = 0;
		};
/* End PBXSourcesBuildPhase section */

/* Begin PBXVariantGroup section */
		1E3DA7441E9B4130000F20B4 /* Main.storyboard */ = {
			isa = PBXVariantGroup;
			children = (
				1E3DA7451E9B4130000F20B4 /* Base */,
			);
			name = Main.storyboard;
			sourceTree = "<group>";
		};
		1E3DA7491E9B4130000F20B4 /* LaunchScreen.storyboard */ = {
			isa = PBXVariantGroup;
			children = (
				1E3DA74A1E9B4130000F20B4 /* Base */,
			);
			name = LaunchScreen.storyboard;
			sourceTree = "<group>";
		};
/* End PBXVariantGroup section */

/* Begin XCBuildConfiguration section */
		1E3DA74D1E9B4130000F20B4 /* Debug */ = {
			isa = XCBuildConfiguration;
			buildSettings = {
				ALWAYS_SEARCH_USER_PATHS = NO;
				CLANG_ANALYZER_NONNULL = YES;
				CLANG_CXX_LANGUAGE_STANDARD = "gnu++0x";
				CLANG_CXX_LIBRARY = "libc++";
				CLANG_ENABLE_MODULES = YES;
				CLANG_ENABLE_OBJC_ARC = YES;
				CLANG_WARN_BOOL_CONVERSION = YES;
				CLANG_WARN_CONSTANT_CONVERSION = YES;
				CLANG_WARN_DIRECT_OBJC_ISA_USAGE = YES_ERROR;
				CLANG_WARN_DOCUMENTATION_COMMENTS = YES;
				CLANG_WARN_EMPTY_BODY = YES;
				CLANG_WARN_ENUM_CONVERSION = YES;
				CLANG_WARN_INFINITE_RECURSION = YES;
				CLANG_WARN_INT_CONVERSION = YES;
				CLANG_WARN_OBJC_ROOT_CLASS = YES_ERROR;
				CLANG_WARN_SUSPICIOUS_MOVE = YES;
				CLANG_WARN_UNREACHABLE_CODE = YES;
				CLANG_WARN__DUPLICATE_METHOD_MATCH = YES;
				"CODE_SIGN_IDENTITY[sdk=iphoneos*]" = "iPhone Developer";
				COPY_PHASE_STRIP = NO;
				DEBUG_INFORMATION_FORMAT = dwarf;
				ENABLE_STRICT_OBJC_MSGSEND = YES;
				ENABLE_TESTABILITY = YES;
				GCC_C_LANGUAGE_STANDARD = gnu99;
				GCC_DYNAMIC_NO_PIC = NO;
				GCC_NO_COMMON_BLOCKS = YES;
				GCC_OPTIMIZATION_LEVEL = 0;
				GCC_PREPROCESSOR_DEFINITIONS = (
					"DEBUG=1",
					"$(inherited)",
				);
				GCC_WARN_64_TO_32_BIT_CONVERSION = YES;
				GCC_WARN_ABOUT_RETURN_TYPE = YES_ERROR;
				GCC_WARN_UNDECLARED_SELECTOR = YES;
				GCC_WARN_UNINITIALIZED_AUTOS = YES_AGGRESSIVE;
				GCC_WARN_UNUSED_FUNCTION = YES;
				GCC_WARN_UNUSED_VARIABLE = YES;
				IPHONEOS_DEPLOYMENT_TARGET = 10.2;
				MTL_ENABLE_DEBUG_INFO = YES;
				ONLY_ACTIVE_ARCH = YES;
				SDKROOT = iphoneos;
				SWIFT_ACTIVE_COMPILATION_CONDITIONS = DEBUG;
				SWIFT_OPTIMIZATION_LEVEL = "-Onone";
			};
			name = Debug;
		};
		1E3DA74E1E9B4130000F20B4 /* Release */ = {
			isa = XCBuildConfiguration;
			buildSettings = {
				ALWAYS_SEARCH_USER_PATHS = NO;
				CLANG_ANALYZER_NONNULL = YES;
				CLANG_CXX_LANGUAGE_STANDARD = "gnu++0x";
				CLANG_CXX_LIBRARY = "libc++";
				CLANG_ENABLE_MODULES = YES;
				CLANG_ENABLE_OBJC_ARC = YES;
				CLANG_WARN_BOOL_CONVERSION = YES;
				CLANG_WARN_CONSTANT_CONVERSION = YES;
				CLANG_WARN_DIRECT_OBJC_ISA_USAGE = YES_ERROR;
				CLANG_WARN_DOCUMENTATION_COMMENTS = YES;
				CLANG_WARN_EMPTY_BODY = YES;
				CLANG_WARN_ENUM_CONVERSION = YES;
				CLANG_WARN_INFINITE_RECURSION = YES;
				CLANG_WARN_INT_CONVERSION = YES;
				CLANG_WARN_OBJC_ROOT_CLASS = YES_ERROR;
				CLANG_WARN_SUSPICIOUS_MOVE = YES;
				CLANG_WARN_UNREACHABLE_CODE = YES;
				CLANG_WARN__DUPLICATE_METHOD_MATCH = YES;
				"CODE_SIGN_IDENTITY[sdk=iphoneos*]" = "iPhone Developer";
				COPY_PHASE_STRIP = NO;
				DEBUG_INFORMATION_FORMAT = "dwarf-with-dsym";
				ENABLE_NS_ASSERTIONS = NO;
				ENABLE_STRICT_OBJC_MSGSEND = YES;
				GCC_C_LANGUAGE_STANDARD = gnu99;
				GCC_NO_COMMON_BLOCKS = YES;
				GCC_WARN_64_TO_32_BIT_CONVERSION = YES;
				GCC_WARN_ABOUT_RETURN_TYPE = YES_ERROR;
				GCC_WARN_UNDECLARED_SELECTOR = YES;
				GCC_WARN_UNINITIALIZED_AUTOS = YES_AGGRESSIVE;
				GCC_WARN_UNUSED_FUNCTION = YES;
				GCC_WARN_UNUSED_VARIABLE = YES;
				IPHONEOS_DEPLOYMENT_TARGET = 10.2;
				MTL_ENABLE_DEBUG_INFO = NO;
				SDKROOT = iphoneos;
				SWIFT_OPTIMIZATION_LEVEL = "-Owholemodule";
				VALIDATE_PRODUCT = YES;
			};
			name = Release;
		};
		1E3DA7501E9B4130000F20B4 /* Debug */ = {
			isa = XCBuildConfiguration;
			baseConfigurationReference = 4D2713196BAE7160F114354C /* Pods-ShareEatingPlaces.debug.xcconfig */;
			buildSettings = {
				ASSETCATALOG_COMPILER_APPICON_NAME = AppIcon;
				DEVELOPMENT_TEAM = "";
				INFOPLIST_FILE = ShareEatingPlaces/Info.plist;
				IPHONEOS_DEPLOYMENT_TARGET = 8.3;
				LD_RUNPATH_SEARCH_PATHS = "$(inherited) @executable_path/Frameworks";
				PRODUCT_BUNDLE_IDENTIFIER = hoang.com.ShareEatingPlaces;
				PRODUCT_NAME = "$(TARGET_NAME)";
				SWIFT_VERSION = 3.0;
			};
			name = Debug;
		};
		1E3DA7511E9B4130000F20B4 /* Release */ = {
			isa = XCBuildConfiguration;
			baseConfigurationReference = EB75CBA4E2462284B1AA2D82 /* Pods-ShareEatingPlaces.release.xcconfig */;
			buildSettings = {
				ASSETCATALOG_COMPILER_APPICON_NAME = AppIcon;
				DEVELOPMENT_TEAM = "";
				INFOPLIST_FILE = ShareEatingPlaces/Info.plist;
				IPHONEOS_DEPLOYMENT_TARGET = 8.3;
				LD_RUNPATH_SEARCH_PATHS = "$(inherited) @executable_path/Frameworks";
				PRODUCT_BUNDLE_IDENTIFIER = hoang.com.ShareEatingPlaces;
				PRODUCT_NAME = "$(TARGET_NAME)";
				SWIFT_VERSION = 3.0;
			};
			name = Release;
		};
/* End XCBuildConfiguration section */

/* Begin XCConfigurationList section */
		1E3DA7381E9B4130000F20B4 /* Build configuration list for PBXProject "ShareEatingPlaces" */ = {
			isa = XCConfigurationList;
			buildConfigurations = (
				1E3DA74D1E9B4130000F20B4 /* Debug */,
				1E3DA74E1E9B4130000F20B4 /* Release */,
			);
			defaultConfigurationIsVisible = 0;
			defaultConfigurationName = Release;
		};
		1E3DA74F1E9B4130000F20B4 /* Build configuration list for PBXNativeTarget "ShareEatingPlaces" */ = {
			isa = XCConfigurationList;
			buildConfigurations = (
				1E3DA7501E9B4130000F20B4 /* Debug */,
				1E3DA7511E9B4130000F20B4 /* Release */,
			);
			defaultConfigurationIsVisible = 0;
			defaultConfigurationName = Release;
		};
/* End XCConfigurationList section */
	};
	rootObject = 1E3DA7351E9B4130000F20B4 /* Project object */;
}
